
Microsoft Visual Studio Solution File, Format Version 12.00
# Visual Studio Version 16
VisualStudioVersion = 16.0.29806.167
MinimumVisualStudioVersion = 10.0.40219.1
Project("{9A19103F-16F7-4668-BE54-9A1E7A4F7556}") = "ConsoleApp", "ConsoleApp\ConsoleApp.csproj", "{E7F0D662-929D-4A74-BE71-270FE0F1D096}"
EndProject
Project("{FAE04EC0-301F-11D3-BF4B-00C04F79EFBC}") = "GraProceduralnie", "GraProceduralnie\GraProceduralnie.csproj", "{056578FD-67AC-4CDD-83FE-BE29F3E9515A}"
EndProject
Project("{9A19103F-16F7-4668-BE54-9A1E7A4F7556}") = "ModelGry", "ModelGry\ModelGry.csproj", "{CA0E8B35-139C-4555-844E-C0E8DFAA1D3F}"
EndProject
Project("{FAE04EC0-301F-11D3-BF4B-00C04F79EFBC}") = "GraGraficznie", "GraGraficznie\GraGraficznie.csproj", "{C54AD10C-9B96-4C6F-AC5C-E66EEDD330C6}"
EndProject
Global
	GlobalSection(SolutionConfigurationPlatforms) = preSolution
		Debug|Any CPU = Debug|Any CPU
		Release|Any CPU = Release|Any CPU
	EndGlobalSection
	GlobalSection(ProjectConfigurationPlatforms) = postSolution
		{E7F0D662-929D-4A74-BE71-270FE0F1D096}.Debug|Any CPU.ActiveCfg = Debug|Any CPU
		{E7F0D662-929D-4A74-BE71-270FE0F1D096}.Debug|Any CPU.Build.0 = Debug|Any CPU
		{E7F0D662-929D-4A74-BE71-270FE0F1D096}.Release|Any CPU.ActiveCfg = Release|Any CPU
		{E7F0D662-929D-4A74-BE71-270FE0F1D096}.Release|Any CPU.Build.0 = Release|Any CPU
		{056578FD-67AC-4CDD-83FE-BE29F3E9515A}.Debug|Any CPU.ActiveCfg = Debug|Any CPU
		{056578FD-67AC-4CDD-83FE-BE29F3E9515A}.Debug|Any CPU.Build.0 = Debug|Any CPU
		{056578FD-67AC-4CDD-83FE-BE29F3E9515A}.Release|Any CPU.ActiveCfg = Release|Any CPU
		{056578FD-67AC-4CDD-83FE-BE29F3E9515A}.Release|Any CPU.Build.0 = Release|Any CPU
		{CA0E8B35-139C-4555-844E-C0E8DFAA1D3F}.Debug|Any CPU.ActiveCfg = Debug|Any CPU
		{CA0E8B35-139C-4555-844E-C0E8DFAA1D3F}.Debug|Any CPU.Build.0 = Debug|Any CPU
		{CA0E8B35-139C-4555-844E-C0E8DFAA1D3F}.Release|Any CPU.ActiveCfg = Release|Any CPU
		{CA0E8B35-139C-4555-844E-C0E8DFAA1D3F}.Release|Any CPU.Build.0 = Release|Any CPU
		{C54AD10C-9B96-4C6F-AC5C-E66EEDD330C6}.Debug|Any CPU.ActiveCfg = Debug|Any CPU
		{C54AD10C-9B96-4C6F-AC5C-E66EEDD330C6}.Debug|Any CPU.Build.0 = Debug|Any CPU
		{C54AD10C-9B96-4C6F-AC5C-E66EEDD330C6}.Release|Any CPU.ActiveCfg = Release|Any CPU
		{C54AD10C-9B96-4C6F-AC5C-E66EEDD330C6}.Release|Any CPU.Build.0 = Release|Any CPU
	EndGlobalSection
	GlobalSection(SolutionProperties) = preSolution
		HideSolutionNode = FALSE
	EndGlobalSection
	GlobalSection(ExtensibilityGlobals) = postSolution
		SolutionGuid = {CCE925F6-EA0E-44FF-9887-4205EDF461FB}
	EndGlobalSection
EndGlobal
